
Microsoft Visual Studio Solution File, Format Version 12.00
# Visual Studio Version 16
VisualStudioVersion = 16.0.31005.135
MinimumVisualStudioVersion = 10.0.40219.1
Project("{FAE04EC0-301F-11D3-BF4B-00C04F79EFBC}") = "lab10", "lab10.csproj", "{8A389ADD-51A2-4D13-AC49-2403AD2EB890}"
EndProject
Global
	GlobalSection(SolutionConfigurationPlatforms) = preSolution
		Debug|Any CPU = Debug|Any CPU
		Release|Any CPU = Release|Any CPU
	EndGlobalSection
	GlobalSection(ProjectConfigurationPlatforms) = postSolution
		{8A389ADD-51A2-4D13-AC49-2403AD2EB890}.Debug|Any CPU.ActiveCfg = Debug|Any CPU
		{8A389ADD-51A2-4D13-AC49-2403AD2EB890}.Debug|Any CPU.Build.0 = Debug|Any CPU
		{8A389ADD-51A2-4D13-AC49-2403AD2EB890}.Release|Any CPU.ActiveCfg = Release|Any CPU
		{8A389ADD-51A2-4D13-AC49-2403AD2EB890}.Release|Any CPU.Build.0 = Release|Any CPU
	EndGlobalSection
	GlobalSection(SolutionProperties) = preSolution
		HideSolutionNode = FALSE
	EndGlobalSection
	GlobalSection(ExtensibilityGlobals) = postSolution
		SolutionGuid = {3B1885EB-94C1-4DA8-9630-7D4B3C853005}
	EndGlobalSection
EndGlobal
